// !$*UTF8*$!
{
	archiveVersion = 1;
	classes = {
	};
	objectVersion = 46;
	objects = {

/* Begin PBXBuildFile section */
		07FAF9B519F97E5100CE9170 /* AppDelegate.swift in Sources */ = {isa = PBXBuildFile; fileRef = 07FAF9B419F97E5100CE9170 /* AppDelegate.swift */; };
		07FAF9B819F97E5100CE9170 /* ReinforcementTeacher2.xcdatamodeld in Sources */ = {isa = PBXBuildFile; fileRef = 07FAF9B619F97E5100CE9170 /* ReinforcementTeacher2.xcdatamodeld */; };
		07FAF9BA19F97E5100CE9170 /* ViewController.swift in Sources */ = {isa = PBXBuildFile; fileRef = 07FAF9B919F97E5100CE9170 /* ViewController.swift */; };
		07FAF9BD19F97E5100CE9170 /* Main.storyboard in Resources */ = {isa = PBXBuildFile; fileRef = 07FAF9BB19F97E5100CE9170 /* Main.storyboard */; };
		07FAF9BF19F97E5100CE9170 /* Images.xcassets in Resources */ = {isa = PBXBuildFile; fileRef = 07FAF9BE19F97E5100CE9170 /* Images.xcassets */; };
		07FAF9C219F97E5100CE9170 /* LaunchScreen.xib in Resources */ = {isa = PBXBuildFile; fileRef = 07FAF9C019F97E5100CE9170 /* LaunchScreen.xib */; };
		07FAF9CE19F97E5100CE9170 /* ReinforcementTeacher2Tests.swift in Sources */ = {isa = PBXBuildFile; fileRef = 07FAF9CD19F97E5100CE9170 /* ReinforcementTeacher2Tests.swift */; };
/* End PBXBuildFile section */

/* Begin PBXContainerItemProxy section */
		07FAF9C819F97E5100CE9170 /* PBXContainerItemProxy */ = {
			isa = PBXContainerItemProxy;
			containerPortal = 07FAF9A719F97E5100CE9170 /* Project object */;
			proxyType = 1;
			remoteGlobalIDString = 07FAF9AE19F97E5100CE9170;
			remoteInfo = ReinforcementTeacher2;
		};
/* End PBXContainerItemProxy section */

/* Begin PBXFileReference section */
		07FAF9AF19F97E5100CE9170 /* ReinforcementTeacher2.app */ = {isa = PBXFileReference; explicitFileType = wrapper.application; includeInIndex = 0; path = ReinforcementTeacher2.app; sourceTree = BUILT_PRODUCTS_DIR; };
		07FAF9B319F97E5100CE9170 /* Info.plist */ = {isa = PBXFileReference; lastKnownFileType = text.plist.xml; path = Info.plist; sourceTree = "<group>"; };
		07FAF9B419F97E5100CE9170 /* AppDelegate.swift */ = {isa = PBXFileReference; lastKnownFileType = sourcecode.swift; path = AppDelegate.swift; sourceTree = "<group>"; };
		07FAF9B719F97E5100CE9170 /* ReinforcementTeacher2.xcdatamodel */ = {isa = PBXFileReference; lastKnownFileType = wrapper.xcdatamodel; path = ReinforcementTeacher2.xcdatamodel; sourceTree = "<group>"; };
		07FAF9B919F97E5100CE9170 /* ViewController.swift */ = {isa = PBXFileReference; lastKnownFileType = sourcecode.swift; path = ViewController.swift; sourceTree = "<group>"; };
		07FAF9BC19F97E5100CE9170 /* Base */ = {isa = PBXFileReference; lastKnownFileType = file.storyboard; name = Base; path = Base.lproj/Main.storyboard; sourceTree = "<group>"; };
		07FAF9BE19F97E5100CE9170 /* Images.xcassets */ = {isa = PBXFileReference; lastKnownFileType = folder.assetcatalog; path = Images.xcassets; sourceTree = "<group>"; };
		07FAF9C119F97E5100CE9170 /* Base */ = {isa = PBXFileReference; lastKnownFileType = file.xib; name = Base; path = Base.lproj/LaunchScreen.xib; sourceTree = "<group>"; };
		07FAF9C719F97E5100CE9170 /* ReinforcementTeacher2Tests.xctest */ = {isa = PBXFileReference; explicitFileType = wrapper.cfbundle; includeInIndex = 0; path = ReinforcementTeacher2Tests.xctest; sourceTree = BUILT_PRODUCTS_DIR; };
		07FAF9CC19F97E5100CE9170 /* Info.plist */ = {isa = PBXFileReference; lastKnownFileType = text.plist.xml; path = Info.plist; sourceTree = "<group>"; };
		07FAF9CD19F97E5100CE9170 /* ReinforcementTeacher2Tests.swift */ = {isa = PBXFileReference; lastKnownFileType = sourcecode.swift; path = ReinforcementTeacher2Tests.swift; sourceTree = "<group>"; };
/* End PBXFileReference section */

/* Begin PBXFrameworksBuildPhase section */
		07FAF9AC19F97E5100CE9170 /* Frameworks */ = {
			isa = PBXFrameworksBuildPhase;
			buildActionMask = 2147483647;
			files = (
			);
			runOnlyForDeploymentPostprocessing = 0;
		};
		07FAF9C419F97E5100CE9170 /* Frameworks */ = {
			isa = PBXFrameworksBuildPhase;
			buildActionMask = 2147483647;
			files = (
			);
			runOnlyForDeploymentPostprocessing = 0;
		};
/* End PBXFrameworksBuildPhase section */

/* Begin PBXGroup section */
		07FAF9A619F97E5100CE9170 = {
			isa = PBXGroup;
			children = (
				07FAF9B119F97E5100CE9170 /* ReinforcementTeacher2 */,
				07FAF9CA19F97E5100CE9170 /* ReinforcementTeacher2Tests */,
				07FAF9B019F97E5100CE9170 /* Products */,
			);
			sourceTree = "<group>";
		};
		07FAF9B019F97E5100CE9170 /* Products */ = {
			isa = PBXGroup;
			children = (
				07FAF9AF19F97E5100CE9170 /* ReinforcementTeacher2.app */,
				07FAF9C719F97E5100CE9170 /* ReinforcementTeacher2Tests.xctest */,
			);
			name = Products;
			sourceTree = "<group>";
		};
		07FAF9B119F97E5100CE9170 /* ReinforcementTeacher2 */ = {
			isa = PBXGroup;
			children = (
				07FAF9B419F97E5100CE9170 /* AppDelegate.swift */,
				07FAF9B919F97E5100CE9170 /* ViewController.swift */,
				07FAF9BB19F97E5100CE9170 /* Main.storyboard */,
				07FAF9BE19F97E5100CE9170 /* Images.xcassets */,
				07FAF9C019F97E5100CE9170 /* LaunchScreen.xib */,
				07FAF9B619F97E5100CE9170 /* ReinforcementTeacher2.xcdatamodeld */,
				07FAF9B219F97E5100CE9170 /* Supporting Files */,
			);
			path = ReinforcementTeacher2;
			sourceTree = "<group>";
		};
		07FAF9B219F97E5100CE9170 /* Supporting Files */ = {
			isa = PBXGroup;
			children = (
				07FAF9B319F97E5100CE9170 /* Info.plist */,
			);
			name = "Supporting Files";
			sourceTree = "<group>";
		};
		07FAF9CA19F97E5100CE9170 /* ReinforcementTeacher2Tests */ = {
			isa = PBXGroup;
			children = (
				07FAF9CD19F97E5100CE9170 /* ReinforcementTeacher2Tests.swift */,
				07FAF9CB19F97E5100CE9170 /* Supporting Files */,
			);
			path = ReinforcementTeacher2Tests;
			sourceTree = "<group>";
		};
		07FAF9CB19F97E5100CE9170 /* Supporting Files */ = {
			isa = PBXGroup;
			children = (
				07FAF9CC19F97E5100CE9170 /* Info.plist */,
			);
			name = "Supporting Files";
			sourceTree = "<group>";
		};
/* End PBXGroup section */

/* Begin PBXNativeTarget section */
		07FAF9AE19F97E5100CE9170 /* ReinforcementTeacher2 */ = {
			isa = PBXNativeTarget;
			buildConfigurationList = 07FAF9D119F97E5100CE9170 /* Build configuration list for PBXNativeTarget "ReinforcementTeacher2" */;
			buildPhases = (
				07FAF9AB19F97E5100CE9170 /* Sources */,
				07FAF9AC19F97E5100CE9170 /* Frameworks */,
				07FAF9AD19F97E5100CE9170 /* Resources */,
			);
			buildRules = (
			);
			dependencies = (
			);
			name = ReinforcementTeacher2;
			productName = ReinforcementTeacher2;
			productReference = 07FAF9AF19F97E5100CE9170 /* ReinforcementTeacher2.app */;
			productType = "com.apple.product-type.application";
		};
		07FAF9C619F97E5100CE9170 /* ReinforcementTeacher2Tests */ = {
			isa = PBXNativeTarget;
			buildConfigurationList = 07FAF9D419F97E5100CE9170 /* Build configuration list for PBXNativeTarget "ReinforcementTeacher2Tests" */;
			buildPhases = (
				07FAF9C319F97E5100CE9170 /* Sources */,
				07FAF9C419F97E5100CE9170 /* Frameworks */,
				07FAF9C519F97E5100CE9170 /* Resources */,
			);
			buildRules = (
			);
			dependencies = (
				07FAF9C919F97E5100CE9170 /* PBXTargetDependency */,
			);
			name = ReinforcementTeacher2Tests;
			productName = ReinforcementTeacher2Tests;
			productReference = 07FAF9C719F97E5100CE9170 /* ReinforcementTeacher2Tests.xctest */;
			productType = "com.apple.product-type.bundle.unit-test";
		};
/* End PBXNativeTarget section */

/* Begin PBXProject section */
		07FAF9A719F97E5100CE9170 /* Project object */ = {
			isa = PBXProject;
			attributes = {
				LastUpgradeCheck = 0610;
				ORGANIZATIONNAME = "Stef Janssen";
				TargetAttributes = {
					07FAF9AE19F97E5100CE9170 = {
						CreatedOnToolsVersion = 6.1;
					};
					07FAF9C619F97E5100CE9170 = {
						CreatedOnToolsVersion = 6.1;
						TestTargetID = 07FAF9AE19F97E5100CE9170;
					};
				};
			};
			buildConfigurationList = 07FAF9AA19F97E5100CE9170 /* Build configuration list for PBXProject "ReinforcementTeacher2" */;
			compatibilityVersion = "Xcode 3.2";
			developmentRegion = English;
			hasScannedForEncodings = 0;
			knownRegions = (
				en,
				Base,
			);
			mainGroup = 07FAF9A619F97E5100CE9170;
			productRefGroup = 07FAF9B019F97E5100CE9170 /* Products */;
			projectDirPath = "";
			projectRoot = "";
			targets = (
				07FAF9AE19F97E5100CE9170 /* ReinforcementTeacher2 */,
				07FAF9C619F97E5100CE9170 /* ReinforcementTeacher2Tests */,
			);
		};
/* End PBXProject section */

/* Begin PBXResourcesBuildPhase section */
		07FAF9AD19F97E5100CE9170 /* Resources */ = {
			isa = PBXResourcesBuildPhase;
			buildActionMask = 2147483647;
			files = (
				07FAF9BD19F97E5100CE9170 /* Main.storyboard in Resources */,
				07FAF9C219F97E5100CE9170 /* LaunchScreen.xib in Resources */,
				07FAF9BF19F97E5100CE9170 /* Images.xcassets in Resources */,
			);
			runOnlyForDeploymentPostprocessing = 0;
		};
		07FAF9C519F97E5100CE9170 /* Resources */ = {
			isa = PBXResourcesBuildPhase;
			buildActionMask = 2147483647;
			files = (
			);
			runOnlyForDeploymentPostprocessing = 0;
		};
/* End PBXResourcesBuildPhase section */

/* Begin PBXSourcesBuildPhase section */
		07FAF9AB19F97E5100CE9170 /* Sources */ = {
			isa = PBXSourcesBuildPhase;
			buildActionMask = 2147483647;
			files = (
				07FAF9BA19F97E5100CE9170 /* ViewController.swift in Sources */,
				07FAF9B519F97E5100CE9170 /* AppDelegate.swift in Sources */,
				07FAF9B819F97E5100CE9170 /* ReinforcementTeacher2.xcdatamodeld in Sources */,
			);
			runOnlyForDeploymentPostprocessing = 0;
		};
		07FAF9C319F97E5100CE9170 /* Sources */ = {
			isa = PBXSourcesBuildPhase;
			buildActionMask = 2147483647;
			files = (
				07FAF9CE19F97E5100CE9170 /* ReinforcementTeacher2Tests.swift in Sources */,
			);
			runOnlyForDeploymentPostprocessing = 0;
		};
/* End PBXSourcesBuildPhase section */

/* Begin PBXTargetDependency section */
		07FAF9C919F97E5100CE9170 /* PBXTargetDependency */ = {
			isa = PBXTargetDependency;
			target = 07FAF9AE19F97E5100CE9170 /* ReinforcementTeacher2 */;
			targetProxy = 07FAF9C819F97E5100CE9170 /* PBXContainerItemProxy */;
		};
/* End PBXTargetDependency section */

/* Begin PBXVariantGroup section */
		07FAF9BB19F97E5100CE9170 /* Main.storyboard */ = {
			isa = PBXVariantGroup;
			children = (
				07FAF9BC19F97E5100CE9170 /* Base */,
			);
			name = Main.storyboard;
			sourceTree = "<group>";
		};
		07FAF9C019F97E5100CE9170 /* LaunchScreen.xib */ = {
			isa = PBXVariantGroup;
			children = (
				07FAF9C119F97E5100CE9170 /* Base */,
			);
			name = LaunchScreen.xib;
			sourceTree = "<group>";
		};
/* End PBXVariantGroup section */

/* Begin XCBuildConfiguration section */
		07FAF9CF19F97E5100CE9170 /* Debug */ = {
			isa = XCBuildConfiguration;
			buildSettings = {
				ALWAYS_SEARCH_USER_PATHS = NO;
				CLANG_CXX_LANGUAGE_STANDARD = "gnu++0x";
				CLANG_CXX_LIBRARY = "libc++";
				CLANG_ENABLE_MODULES = YES;
				CLANG_ENABLE_OBJC_ARC = YES;
				CLANG_WARN_BOOL_CONVERSION = YES;
				CLANG_WARN_CONSTANT_CONVERSION = YES;
				CLANG_WARN_DIRECT_OBJC_ISA_USAGE = YES_ERROR;
				CLANG_WARN_EMPTY_BODY = YES;
				CLANG_WARN_ENUM_CONVERSION = YES;
				CLANG_WARN_INT_CONVERSION = YES;
				CLANG_WARN_OBJC_ROOT_CLASS = YES_ERROR;
				CLANG_WARN_UNREACHABLE_CODE = YES;
				CLANG_WARN__DUPLICATE_METHOD_MATCH = YES;
				"CODE_SIGN_IDENTITY[sdk=iphoneos*]" = "iPhone Developer";
				COPY_PHASE_STRIP = NO;
				ENABLE_STRICT_OBJC_MSGSEND = YES;
				GCC_C_LANGUAGE_STANDARD = gnu99;
				GCC_DYNAMIC_NO_PIC = NO;
				GCC_OPTIMIZATION_LEVEL = 0;
				GCC_PREPROCESSOR_DEFINITIONS = (
					"DEBUG=1",
					"$(inherited)",
				);
				GCC_SYMBOLS_PRIVATE_EXTERN = NO;
				GCC_WARN_64_TO_32_BIT_CONVERSION = YES;
				GCC_WARN_ABOUT_RETURN_TYPE = YES_ERROR;
				GCC_WARN_UNDECLARED_SELECTOR = YES;
				GCC_WARN_UNINITIALIZED_AUTOS = YES_AGGRESSIVE;
				GCC_WARN_UNUSED_FUNCTION = YES;
				GCC_WARN_UNUSED_VARIABLE = YES;
				IPHONEOS_DEPLOYMENT_TARGET = 8.1;
				MTL_ENABLE_DEBUG_INFO = YES;
				ONLY_ACTIVE_ARCH = YES;
				SDKROOT = iphoneos;
				SWIFT_OPTIMIZATION_LEVEL = "-Onone";
				TARGETED_DEVICE_FAMILY = "1,2";
			};
			name = Debug;
		};
		07FAF9D019F97E5100CE9170 /* Release */ = {
			isa = XCBuildConfiguration;
			buildSettings = {
				ALWAYS_SEARCH_USER_PATHS = NO;
				CLANG_CXX_LANGUAGE_STANDARD = "gnu++0x";
				CLANG_CXX_LIBRARY = "libc++";
				CLANG_ENABLE_MODULES = YES;
				CLANG_ENABLE_OBJC_ARC = YES;
				CLANG_WARN_BOOL_CONVERSION = YES;
				CLANG_WARN_CONSTANT_CONVERSION = YES;
				CLANG_WARN_DIRECT_OBJC_ISA_USAGE = YES_ERROR;
				CLANG_WARN_EMPTY_BODY = YES;
				CLANG_WARN_ENUM_CONVERSION = YES;
				CLANG_WARN_INT_CONVERSION = YES;
				CLANG_WARN_OBJC_ROOT_CLASS = YES_ERROR;
				CLANG_WARN_UNREACHABLE_CODE = YES;
				CLANG_WARN__DUPLICATE_METHOD_MATCH = YES;
				"CODE_SIGN_IDENTITY[sdk=iphoneos*]" = "iPhone Developer";
				COPY_PHASE_STRIP = YES;
				ENABLE_NS_ASSERTIONS = NO;
				ENABLE_STRICT_OBJC_MSGSEND = YES;
				GCC_C_LANGUAGE_STANDARD = gnu99;
				GCC_WARN_64_TO_32_BIT_CONVERSION = YES;
				GCC_WARN_ABOUT_RETURN_TYPE = YES_ERROR;
				GCC_WARN_UNDECLARED_SELECTOR = YES;
				GCC_WARN_UNINITIALIZED_AUTOS = YES_AGGRESSIVE;
				GCC_WARN_UNUSED_FUNCTION = YES;
				GCC_WARN_UNUSED_VARIABLE = YES;
				IPHONEOS_DEPLOYMENT_TARGET = 8.1;
				MTL_ENABLE_DEBUG_INFO = NO;
				SDKROOT = iphoneos;
				TARGETED_DEVICE_FAMILY = "1,2";
				VALIDATE_PRODUCT = YES;
			};
			name = Release;
		};
		07FAF9D219F97E5100CE9170 /* Debug */ = {
			isa = XCBuildConfiguration;
			buildSettings = {
				ASSETCATALOG_COMPILER_APPICON_NAME = AppIcon;
				INFOPLIST_FILE = ReinforcementTeacher2/Info.plist;
				LD_RUNPATH_SEARCH_PATHS = "$(inherited) @executable_path/Frameworks";
				PRODUCT_NAME = "$(TARGET_NAME)";
			};
			name = Debug;
		};
		07FAF9D319F97E5100CE9170 /* Release */ = {
			isa = XCBuildConfiguration;
			buildSettings = {
				ASSETCATALOG_COMPILER_APPICON_NAME = AppIcon;
				INFOPLIST_FILE = ReinforcementTeacher2/Info.plist;
				LD_RUNPATH_SEARCH_PATHS = "$(inherited) @executable_path/Frameworks";
				PRODUCT_NAME = "$(TARGET_NAME)";
			};
			name = Release;
		};
		07FAF9D519F97E5100CE9170 /* Debug */ = {
			isa = XCBuildConfiguration;
			buildSettings = {
				BUNDLE_LOADER = "$(TEST_HOST)";
				FRAMEWORK_SEARCH_PATHS = (
					"$(SDKROOT)/Developer/Library/Frameworks",
					"$(inherited)",
				);
				GCC_PREPROCESSOR_DEFINITIONS = (
					"DEBUG=1",
					"$(inherited)",
				);
				INFOPLIST_FILE = ReinforcementTeacher2Tests/Info.plist;
				LD_RUNPATH_SEARCH_PATHS = "$(inherited) @executable_path/Frameworks @loader_path/Frameworks";
				PRODUCT_NAME = "$(TARGET_NAME)";
				TEST_HOST = "$(BUILT_PRODUCTS_DIR)/ReinforcementTeacher2.app/ReinforcementTeacher2";
			};
			name = Debug;
		};
		07FAF9D619F97E5100CE9170 /* Release */ = {
			isa = XCBuildConfiguration;
			buildSettings = {
				BUNDLE_LOADER = "$(TEST_HOST)";
				FRAMEWORK_SEARCH_PATHS = (
					"$(SDKROOT)/Developer/Library/Frameworks",
					"$(inherited)",
				);
				INFOPLIST_FILE = ReinforcementTeacher2Tests/Info.plist;
				LD_RUNPATH_SEARCH_PATHS = "$(inherited) @executable_path/Frameworks @loader_path/Frameworks";
				PRODUCT_NAME = "$(TARGET_NAME)";
				TEST_HOST = "$(BUILT_PRODUCTS_DIR)/ReinforcementTeacher2.app/ReinforcementTeacher2";
			};
			name = Release;
		};
/* End XCBuildConfiguration section */

/* Begin XCConfigurationList section */
		07FAF9AA19F97E5100CE9170 /* Build configuration list for PBXProject "ReinforcementTeacher2" */ = {
			isa = XCConfigurationList;
			buildConfigurations = (
				07FAF9CF19F97E5100CE9170 /* Debug */,
				07FAF9D019F97E5100CE9170 /* Release */,
			);
			defaultConfigurationIsVisible = 0;
			defaultConfigurationName = Release;
		};
		07FAF9D119F97E5100CE9170 /* Build configuration list for PBXNativeTarget "ReinforcementTeacher2" */ = {
			isa = XCConfigurationList;
			buildConfigurations = (
				07FAF9D219F97E5100CE9170 /* Debug */,
				07FAF9D319F97E5100CE9170 /* Release */,
			);
			defaultConfigurationIsVisible = 0;
		};
		07FAF9D419F97E5100CE9170 /* Build configuration list for PBXNativeTarget "ReinforcementTeacher2Tests" */ = {
			isa = XCConfigurationList;
			buildConfigurations = (
				07FAF9D519F97E5100CE9170 /* Debug */,
				07FAF9D619F97E5100CE9170 /* Release */,
			);
			defaultConfigurationIsVisible = 0;
		};
/* End XCConfigurationList section */

/* Begin XCVersionGroup section */
		07FAF9B619F97E5100CE9170 /* ReinforcementTeacher2.xcdatamodeld */ = {
			isa = XCVersionGroup;
			children = (
				07FAF9B719F97E5100CE9170 /* ReinforcementTeacher2.xcdatamodel */,
			);
			currentVersion = 07FAF9B719F97E5100CE9170 /* ReinforcementTeacher2.xcdatamodel */;
			path = ReinforcementTeacher2.xcdatamodeld;
			sourceTree = "<group>";
			versionGroupType = wrapper.xcdatamodel;
		};
/* End XCVersionGroup section */
	};
	rootObject = 07FAF9A719F97E5100CE9170 /* Project object */;
}
