// !$*UTF8*$!
{
	archiveVersion = 1;
	classes = {
	};
	objectVersion = 46;
	objects = {

/* Begin PBXBuildFile section */
		078667F419F977A000B12972 /* AppDelegate.swift in Sources */ = {isa = PBXBuildFile; fileRef = 078667F319F977A000B12972 /* AppDelegate.swift */; };
		078667F719F977A000B12972 /* ReinforcementTeacher.xcdatamodeld in Sources */ = {isa = PBXBuildFile; fileRef = 078667F519F977A000B12972 /* ReinforcementTeacher.xcdatamodeld */; };
		078667F919F977A000B12972 /* ViewController.swift in Sources */ = {isa = PBXBuildFile; fileRef = 078667F819F977A000B12972 /* ViewController.swift */; };
		078667FC19F977A000B12972 /* Main.storyboard in Resources */ = {isa = PBXBuildFile; fileRef = 078667FA19F977A000B12972 /* Main.storyboard */; };
		078667FE19F977A000B12972 /* Images.xcassets in Resources */ = {isa = PBXBuildFile; fileRef = 078667FD19F977A000B12972 /* Images.xcassets */; };
		0786680119F977A000B12972 /* LaunchScreen.xib in Resources */ = {isa = PBXBuildFile; fileRef = 078667FF19F977A000B12972 /* LaunchScreen.xib */; };
		0786680D19F977A000B12972 /* ReinforcementTeacherTests.swift in Sources */ = {isa = PBXBuildFile; fileRef = 0786680C19F977A000B12972 /* ReinforcementTeacherTests.swift */; };
/* End PBXBuildFile section */

/* Begin PBXContainerItemProxy section */
		0786680719F977A000B12972 /* PBXContainerItemProxy */ = {
			isa = PBXContainerItemProxy;
			containerPortal = 078667E619F977A000B12972 /* Project object */;
			proxyType = 1;
			remoteGlobalIDString = 078667ED19F977A000B12972;
			remoteInfo = ReinforcementTeacher;
		};
/* End PBXContainerItemProxy section */

/* Begin PBXFileReference section */
		078667EE19F977A000B12972 /* ReinforcementTeacher.app */ = {isa = PBXFileReference; explicitFileType = wrapper.application; includeInIndex = 0; path = ReinforcementTeacher.app; sourceTree = BUILT_PRODUCTS_DIR; };
		078667F219F977A000B12972 /* Info.plist */ = {isa = PBXFileReference; lastKnownFileType = text.plist.xml; path = Info.plist; sourceTree = "<group>"; };
		078667F319F977A000B12972 /* AppDelegate.swift */ = {isa = PBXFileReference; lastKnownFileType = sourcecode.swift; path = AppDelegate.swift; sourceTree = "<group>"; };
		078667F619F977A000B12972 /* ReinforcementTeacher.xcdatamodel */ = {isa = PBXFileReference; lastKnownFileType = wrapper.xcdatamodel; path = ReinforcementTeacher.xcdatamodel; sourceTree = "<group>"; };
		078667F819F977A000B12972 /* ViewController.swift */ = {isa = PBXFileReference; lastKnownFileType = sourcecode.swift; path = ViewController.swift; sourceTree = "<group>"; };
		078667FB19F977A000B12972 /* Base */ = {isa = PBXFileReference; lastKnownFileType = file.storyboard; name = Base; path = Base.lproj/Main.storyboard; sourceTree = "<group>"; };
		078667FD19F977A000B12972 /* Images.xcassets */ = {isa = PBXFileReference; lastKnownFileType = folder.assetcatalog; path = Images.xcassets; sourceTree = "<group>"; };
		0786680019F977A000B12972 /* Base */ = {isa = PBXFileReference; lastKnownFileType = file.xib; name = Base; path = Base.lproj/LaunchScreen.xib; sourceTree = "<group>"; };
		0786680619F977A000B12972 /* ReinforcementTeacherTests.xctest */ = {isa = PBXFileReference; explicitFileType = wrapper.cfbundle; includeInIndex = 0; path = ReinforcementTeacherTests.xctest; sourceTree = BUILT_PRODUCTS_DIR; };
		0786680B19F977A000B12972 /* Info.plist */ = {isa = PBXFileReference; lastKnownFileType = text.plist.xml; path = Info.plist; sourceTree = "<group>"; };
		0786680C19F977A000B12972 /* ReinforcementTeacherTests.swift */ = {isa = PBXFileReference; lastKnownFileType = sourcecode.swift; path = ReinforcementTeacherTests.swift; sourceTree = "<group>"; };
/* End PBXFileReference section */

/* Begin PBXFrameworksBuildPhase section */
		078667EB19F977A000B12972 /* Frameworks */ = {
			isa = PBXFrameworksBuildPhase;
			buildActionMask = 2147483647;
			files = (
			);
			runOnlyForDeploymentPostprocessing = 0;
		};
		0786680319F977A000B12972 /* Frameworks */ = {
			isa = PBXFrameworksBuildPhase;
			buildActionMask = 2147483647;
			files = (
			);
			runOnlyForDeploymentPostprocessing = 0;
		};
/* End PBXFrameworksBuildPhase section */

/* Begin PBXGroup section */
		078667E519F977A000B12972 = {
			isa = PBXGroup;
			children = (
				078667F019F977A000B12972 /* ReinforcementTeacher */,
				0786680919F977A000B12972 /* ReinforcementTeacherTests */,
				078667EF19F977A000B12972 /* Products */,
			);
			sourceTree = "<group>";
		};
		078667EF19F977A000B12972 /* Products */ = {
			isa = PBXGroup;
			children = (
				078667EE19F977A000B12972 /* ReinforcementTeacher.app */,
				0786680619F977A000B12972 /* ReinforcementTeacherTests.xctest */,
			);
			name = Products;
			sourceTree = "<group>";
		};
		078667F019F977A000B12972 /* ReinforcementTeacher */ = {
			isa = PBXGroup;
			children = (
				078667F319F977A000B12972 /* AppDelegate.swift */,
				078667F819F977A000B12972 /* ViewController.swift */,
				078667FA19F977A000B12972 /* Main.storyboard */,
				078667FD19F977A000B12972 /* Images.xcassets */,
				078667FF19F977A000B12972 /* LaunchScreen.xib */,
				078667F519F977A000B12972 /* ReinforcementTeacher.xcdatamodeld */,
				078667F119F977A000B12972 /* Supporting Files */,
			);
			path = ReinforcementTeacher;
			sourceTree = "<group>";
		};
		078667F119F977A000B12972 /* Supporting Files */ = {
			isa = PBXGroup;
			children = (
				078667F219F977A000B12972 /* Info.plist */,
			);
			name = "Supporting Files";
			sourceTree = "<group>";
		};
		0786680919F977A000B12972 /* ReinforcementTeacherTests */ = {
			isa = PBXGroup;
			children = (
				0786680C19F977A000B12972 /* ReinforcementTeacherTests.swift */,
				0786680A19F977A000B12972 /* Supporting Files */,
			);
			path = ReinforcementTeacherTests;
			sourceTree = "<group>";
		};
		0786680A19F977A000B12972 /* Supporting Files */ = {
			isa = PBXGroup;
			children = (
				0786680B19F977A000B12972 /* Info.plist */,
			);
			name = "Supporting Files";
			sourceTree = "<group>";
		};
/* End PBXGroup section */

/* Begin PBXNativeTarget section */
		078667ED19F977A000B12972 /* ReinforcementTeacher */ = {
			isa = PBXNativeTarget;
			buildConfigurationList = 0786681019F977A000B12972 /* Build configuration list for PBXNativeTarget "ReinforcementTeacher" */;
			buildPhases = (
				078667EA19F977A000B12972 /* Sources */,
				078667EB19F977A000B12972 /* Frameworks */,
				078667EC19F977A000B12972 /* Resources */,
			);
			buildRules = (
			);
			dependencies = (
			);
			name = ReinforcementTeacher;
			productName = ReinforcementTeacher;
			productReference = 078667EE19F977A000B12972 /* ReinforcementTeacher.app */;
			productType = "com.apple.product-type.application";
		};
		0786680519F977A000B12972 /* ReinforcementTeacherTests */ = {
			isa = PBXNativeTarget;
			buildConfigurationList = 0786681319F977A000B12972 /* Build configuration list for PBXNativeTarget "ReinforcementTeacherTests" */;
			buildPhases = (
				0786680219F977A000B12972 /* Sources */,
				0786680319F977A000B12972 /* Frameworks */,
				0786680419F977A000B12972 /* Resources */,
			);
			buildRules = (
			);
			dependencies = (
				0786680819F977A000B12972 /* PBXTargetDependency */,
			);
			name = ReinforcementTeacherTests;
			productName = ReinforcementTeacherTests;
			productReference = 0786680619F977A000B12972 /* ReinforcementTeacherTests.xctest */;
			productType = "com.apple.product-type.bundle.unit-test";
		};
/* End PBXNativeTarget section */

/* Begin PBXProject section */
		078667E619F977A000B12972 /* Project object */ = {
			isa = PBXProject;
			attributes = {
				LastUpgradeCheck = 0600;
				ORGANIZATIONNAME = "Stef Janssen";
				TargetAttributes = {
					078667ED19F977A000B12972 = {
						CreatedOnToolsVersion = 6.0.1;
					};
					0786680519F977A000B12972 = {
						CreatedOnToolsVersion = 6.0.1;
						TestTargetID = 078667ED19F977A000B12972;
					};
				};
			};
			buildConfigurationList = 078667E919F977A000B12972 /* Build configuration list for PBXProject "ReinforcementTeacher" */;
			compatibilityVersion = "Xcode 3.2";
			developmentRegion = English;
			hasScannedForEncodings = 0;
			knownRegions = (
				en,
				Base,
			);
			mainGroup = 078667E519F977A000B12972;
			productRefGroup = 078667EF19F977A000B12972 /* Products */;
			projectDirPath = "";
			projectRoot = "";
			targets = (
				078667ED19F977A000B12972 /* ReinforcementTeacher */,
				0786680519F977A000B12972 /* ReinforcementTeacherTests */,
			);
		};
/* End PBXProject section */

/* Begin PBXResourcesBuildPhase section */
		078667EC19F977A000B12972 /* Resources */ = {
			isa = PBXResourcesBuildPhase;
			buildActionMask = 2147483647;
			files = (
				078667FC19F977A000B12972 /* Main.storyboard in Resources */,
				0786680119F977A000B12972 /* LaunchScreen.xib in Resources */,
				078667FE19F977A000B12972 /* Images.xcassets in Resources */,
			);
			runOnlyForDeploymentPostprocessing = 0;
		};
		0786680419F977A000B12972 /* Resources */ = {
			isa = PBXResourcesBuildPhase;
			buildActionMask = 2147483647;
			files = (
			);
			runOnlyForDeploymentPostprocessing = 0;
		};
/* End PBXResourcesBuildPhase section */

/* Begin PBXSourcesBuildPhase section */
		078667EA19F977A000B12972 /* Sources */ = {
			isa = PBXSourcesBuildPhase;
			buildActionMask = 2147483647;
			files = (
				078667F919F977A000B12972 /* ViewController.swift in Sources */,
				078667F719F977A000B12972 /* ReinforcementTeacher.xcdatamodeld in Sources */,
				078667F419F977A000B12972 /* AppDelegate.swift in Sources */,
			);
			runOnlyForDeploymentPostprocessing = 0;
		};
		0786680219F977A000B12972 /* Sources */ = {
			isa = PBXSourcesBuildPhase;
			buildActionMask = 2147483647;
			files = (
				0786680D19F977A000B12972 /* ReinforcementTeacherTests.swift in Sources */,
			);
			runOnlyForDeploymentPostprocessing = 0;
		};
/* End PBXSourcesBuildPhase section */

/* Begin PBXTargetDependency section */
		0786680819F977A000B12972 /* PBXTargetDependency */ = {
			isa = PBXTargetDependency;
			target = 078667ED19F977A000B12972 /* ReinforcementTeacher */;
			targetProxy = 0786680719F977A000B12972 /* PBXContainerItemProxy */;
		};
/* End PBXTargetDependency section */

/* Begin PBXVariantGroup section */
		078667FA19F977A000B12972 /* Main.storyboard */ = {
			isa = PBXVariantGroup;
			children = (
				078667FB19F977A000B12972 /* Base */,
			);
			name = Main.storyboard;
			sourceTree = "<group>";
		};
		078667FF19F977A000B12972 /* LaunchScreen.xib */ = {
			isa = PBXVariantGroup;
			children = (
				0786680019F977A000B12972 /* Base */,
			);
			name = LaunchScreen.xib;
			sourceTree = "<group>";
		};
/* End PBXVariantGroup section */

/* Begin XCBuildConfiguration section */
		0786680E19F977A000B12972 /* Debug */ = {
			isa = XCBuildConfiguration;
			buildSettings = {
				ALWAYS_SEARCH_USER_PATHS = NO;
				CLANG_CXX_LANGUAGE_STANDARD = "gnu++0x";
				CLANG_CXX_LIBRARY = "libc++";
				CLANG_ENABLE_MODULES = YES;
				CLANG_ENABLE_OBJC_ARC = YES;
				CLANG_WARN_BOOL_CONVERSION = YES;
				CLANG_WARN_CONSTANT_CONVERSION = YES;
				CLANG_WARN_DIRECT_OBJC_ISA_USAGE = YES_ERROR;
				CLANG_WARN_EMPTY_BODY = YES;
				CLANG_WARN_ENUM_CONVERSION = YES;
				CLANG_WARN_INT_CONVERSION = YES;
				CLANG_WARN_OBJC_ROOT_CLASS = YES_ERROR;
				CLANG_WARN_UNREACHABLE_CODE = YES;
				CLANG_WARN__DUPLICATE_METHOD_MATCH = YES;
				"CODE_SIGN_IDENTITY[sdk=iphoneos*]" = "iPhone Developer";
				COPY_PHASE_STRIP = NO;
				ENABLE_STRICT_OBJC_MSGSEND = YES;
				GCC_C_LANGUAGE_STANDARD = gnu99;
				GCC_DYNAMIC_NO_PIC = NO;
				GCC_OPTIMIZATION_LEVEL = 0;
				GCC_PREPROCESSOR_DEFINITIONS = (
					"DEBUG=1",
					"$(inherited)",
				);
				GCC_SYMBOLS_PRIVATE_EXTERN = NO;
				GCC_WARN_64_TO_32_BIT_CONVERSION = YES;
				GCC_WARN_ABOUT_RETURN_TYPE = YES_ERROR;
				GCC_WARN_UNDECLARED_SELECTOR = YES;
				GCC_WARN_UNINITIALIZED_AUTOS = YES_AGGRESSIVE;
				GCC_WARN_UNUSED_FUNCTION = YES;
				GCC_WARN_UNUSED_VARIABLE = YES;
				IPHONEOS_DEPLOYMENT_TARGET = 8.0;
				MTL_ENABLE_DEBUG_INFO = YES;
				ONLY_ACTIVE_ARCH = YES;
				SDKROOT = iphoneos;
				SWIFT_OPTIMIZATION_LEVEL = "-Onone";
				TARGETED_DEVICE_FAMILY = "1,2";
			};
			name = Debug;
		};
		0786680F19F977A000B12972 /* Release */ = {
			isa = XCBuildConfiguration;
			buildSettings = {
				ALWAYS_SEARCH_USER_PATHS = NO;
				CLANG_CXX_LANGUAGE_STANDARD = "gnu++0x";
				CLANG_CXX_LIBRARY = "libc++";
				CLANG_ENABLE_MODULES = YES;
				CLANG_ENABLE_OBJC_ARC = YES;
				CLANG_WARN_BOOL_CONVERSION = YES;
				CLANG_WARN_CONSTANT_CONVERSION = YES;
				CLANG_WARN_DIRECT_OBJC_ISA_USAGE = YES_ERROR;
				CLANG_WARN_EMPTY_BODY = YES;
				CLANG_WARN_ENUM_CONVERSION = YES;
				CLANG_WARN_INT_CONVERSION = YES;
				CLANG_WARN_OBJC_ROOT_CLASS = YES_ERROR;
				CLANG_WARN_UNREACHABLE_CODE = YES;
				CLANG_WARN__DUPLICATE_METHOD_MATCH = YES;
				"CODE_SIGN_IDENTITY[sdk=iphoneos*]" = "iPhone Developer";
				COPY_PHASE_STRIP = YES;
				ENABLE_NS_ASSERTIONS = NO;
				ENABLE_STRICT_OBJC_MSGSEND = YES;
				GCC_C_LANGUAGE_STANDARD = gnu99;
				GCC_WARN_64_TO_32_BIT_CONVERSION = YES;
				GCC_WARN_ABOUT_RETURN_TYPE = YES_ERROR;
				GCC_WARN_UNDECLARED_SELECTOR = YES;
				GCC_WARN_UNINITIALIZED_AUTOS = YES_AGGRESSIVE;
				GCC_WARN_UNUSED_FUNCTION = YES;
				GCC_WARN_UNUSED_VARIABLE = YES;
				IPHONEOS_DEPLOYMENT_TARGET = 8.0;
				MTL_ENABLE_DEBUG_INFO = NO;
				SDKROOT = iphoneos;
				TARGETED_DEVICE_FAMILY = "1,2";
				VALIDATE_PRODUCT = YES;
			};
			name = Release;
		};
		0786681119F977A000B12972 /* Debug */ = {
			isa = XCBuildConfiguration;
			buildSettings = {
				ASSETCATALOG_COMPILER_APPICON_NAME = AppIcon;
				INFOPLIST_FILE = ReinforcementTeacher/Info.plist;
				IPHONEOS_DEPLOYMENT_TARGET = 7.1;
				LD_RUNPATH_SEARCH_PATHS = "$(inherited) @executable_path/Frameworks";
				PRODUCT_NAME = "$(TARGET_NAME)";
			};
			name = Debug;
		};
		0786681219F977A000B12972 /* Release */ = {
			isa = XCBuildConfiguration;
			buildSettings = {
				ASSETCATALOG_COMPILER_APPICON_NAME = AppIcon;
				INFOPLIST_FILE = ReinforcementTeacher/Info.plist;
				IPHONEOS_DEPLOYMENT_TARGET = 7.1;
				LD_RUNPATH_SEARCH_PATHS = "$(inherited) @executable_path/Frameworks";
				PRODUCT_NAME = "$(TARGET_NAME)";
			};
			name = Release;
		};
		0786681419F977A000B12972 /* Debug */ = {
			isa = XCBuildConfiguration;
			buildSettings = {
				BUNDLE_LOADER = "$(TEST_HOST)";
				FRAMEWORK_SEARCH_PATHS = (
					"$(SDKROOT)/Developer/Library/Frameworks",
					"$(inherited)",
				);
				GCC_PREPROCESSOR_DEFINITIONS = (
					"DEBUG=1",
					"$(inherited)",
				);
				INFOPLIST_FILE = ReinforcementTeacherTests/Info.plist;
				LD_RUNPATH_SEARCH_PATHS = "$(inherited) @executable_path/Frameworks @loader_path/Frameworks";
				PRODUCT_NAME = "$(TARGET_NAME)";
				TEST_HOST = "$(BUILT_PRODUCTS_DIR)/ReinforcementTeacher.app/ReinforcementTeacher";
			};
			name = Debug;
		};
		0786681519F977A000B12972 /* Release */ = {
			isa = XCBuildConfiguration;
			buildSettings = {
				BUNDLE_LOADER = "$(TEST_HOST)";
				FRAMEWORK_SEARCH_PATHS = (
					"$(SDKROOT)/Developer/Library/Frameworks",
					"$(inherited)",
				);
				INFOPLIST_FILE = ReinforcementTeacherTests/Info.plist;
				LD_RUNPATH_SEARCH_PATHS = "$(inherited) @executable_path/Frameworks @loader_path/Frameworks";
				PRODUCT_NAME = "$(TARGET_NAME)";
				TEST_HOST = "$(BUILT_PRODUCTS_DIR)/ReinforcementTeacher.app/ReinforcementTeacher";
			};
			name = Release;
		};
/* End XCBuildConfiguration section */

/* Begin XCConfigurationList section */
		078667E919F977A000B12972 /* Build configuration list for PBXProject "ReinforcementTeacher" */ = {
			isa = XCConfigurationList;
			buildConfigurations = (
				0786680E19F977A000B12972 /* Debug */,
				0786680F19F977A000B12972 /* Release */,
			);
			defaultConfigurationIsVisible = 0;
			defaultConfigurationName = Release;
		};
		0786681019F977A000B12972 /* Build configuration list for PBXNativeTarget "ReinforcementTeacher" */ = {
			isa = XCConfigurationList;
			buildConfigurations = (
				0786681119F977A000B12972 /* Debug */,
				0786681219F977A000B12972 /* Release */,
			);
			defaultConfigurationIsVisible = 0;
		};
		0786681319F977A000B12972 /* Build configuration list for PBXNativeTarget "ReinforcementTeacherTests" */ = {
			isa = XCConfigurationList;
			buildConfigurations = (
				0786681419F977A000B12972 /* Debug */,
				0786681519F977A000B12972 /* Release */,
			);
			defaultConfigurationIsVisible = 0;
		};
/* End XCConfigurationList section */

/* Begin XCVersionGroup section */
		078667F519F977A000B12972 /* ReinforcementTeacher.xcdatamodeld */ = {
			isa = XCVersionGroup;
			children = (
				078667F619F977A000B12972 /* ReinforcementTeacher.xcdatamodel */,
			);
			currentVersion = 078667F619F977A000B12972 /* ReinforcementTeacher.xcdatamodel */;
			path = ReinforcementTeacher.xcdatamodeld;
			sourceTree = "<group>";
			versionGroupType = wrapper.xcdatamodel;
		};
/* End XCVersionGroup section */
	};
	rootObject = 078667E619F977A000B12972 /* Project object */;
}
