// !$*UTF8*$!
{
	archiveVersion = 1;
	classes = {
	};
	objectVersion = 46;
	objects = {

/* Begin PBXBuildFile section */
		07FAFA1719F97FBA00CE9170 /* AppDelegate.swift in Sources */ = {isa = PBXBuildFile; fileRef = 07FAFA1619F97FBA00CE9170 /* AppDelegate.swift */; };
		07FAFA1A19F97FBA00CE9170 /* ReinforcementTeacher.xcdatamodeld in Sources */ = {isa = PBXBuildFile; fileRef = 07FAFA1819F97FBA00CE9170 /* ReinforcementTeacher.xcdatamodeld */; };
		07FAFA1C19F97FBA00CE9170 /* ViewController.swift in Sources */ = {isa = PBXBuildFile; fileRef = 07FAFA1B19F97FBA00CE9170 /* ViewController.swift */; };
		07FAFA1F19F97FBA00CE9170 /* Main.storyboard in Resources */ = {isa = PBXBuildFile; fileRef = 07FAFA1D19F97FBA00CE9170 /* Main.storyboard */; };
		07FAFA2119F97FBA00CE9170 /* Images.xcassets in Resources */ = {isa = PBXBuildFile; fileRef = 07FAFA2019F97FBA00CE9170 /* Images.xcassets */; };
		07FAFA2419F97FBA00CE9170 /* LaunchScreen.xib in Resources */ = {isa = PBXBuildFile; fileRef = 07FAFA2219F97FBA00CE9170 /* LaunchScreen.xib */; };
		07FAFA3019F97FBA00CE9170 /* ReinforcementTeacherTests.swift in Sources */ = {isa = PBXBuildFile; fileRef = 07FAFA2F19F97FBA00CE9170 /* ReinforcementTeacherTests.swift */; };
/* End PBXBuildFile section */

/* Begin PBXContainerItemProxy section */
		07FAFA2A19F97FBA00CE9170 /* PBXContainerItemProxy */ = {
			isa = PBXContainerItemProxy;
			containerPortal = 07FAFA0919F97FBA00CE9170 /* Project object */;
			proxyType = 1;
			remoteGlobalIDString = 07FAFA1019F97FBA00CE9170;
			remoteInfo = ReinforcementTeacher;
		};
/* End PBXContainerItemProxy section */

/* Begin PBXFileReference section */
		07FAFA1119F97FBA00CE9170 /* ReinforcementTeacher.app */ = {isa = PBXFileReference; explicitFileType = wrapper.application; includeInIndex = 0; path = ReinforcementTeacher.app; sourceTree = BUILT_PRODUCTS_DIR; };
		07FAFA1519F97FBA00CE9170 /* Info.plist */ = {isa = PBXFileReference; lastKnownFileType = text.plist.xml; path = Info.plist; sourceTree = "<group>"; };
		07FAFA1619F97FBA00CE9170 /* AppDelegate.swift */ = {isa = PBXFileReference; lastKnownFileType = sourcecode.swift; path = AppDelegate.swift; sourceTree = "<group>"; };
		07FAFA1919F97FBA00CE9170 /* ReinforcementTeacher.xcdatamodel */ = {isa = PBXFileReference; lastKnownFileType = wrapper.xcdatamodel; path = ReinforcementTeacher.xcdatamodel; sourceTree = "<group>"; };
		07FAFA1B19F97FBA00CE9170 /* ViewController.swift */ = {isa = PBXFileReference; lastKnownFileType = sourcecode.swift; path = ViewController.swift; sourceTree = "<group>"; };
		07FAFA1E19F97FBA00CE9170 /* Base */ = {isa = PBXFileReference; lastKnownFileType = file.storyboard; name = Base; path = Base.lproj/Main.storyboard; sourceTree = "<group>"; };
		07FAFA2019F97FBA00CE9170 /* Images.xcassets */ = {isa = PBXFileReference; lastKnownFileType = folder.assetcatalog; path = Images.xcassets; sourceTree = "<group>"; };
		07FAFA2319F97FBA00CE9170 /* Base */ = {isa = PBXFileReference; lastKnownFileType = file.xib; name = Base; path = Base.lproj/LaunchScreen.xib; sourceTree = "<group>"; };
		07FAFA2919F97FBA00CE9170 /* ReinforcementTeacherTests.xctest */ = {isa = PBXFileReference; explicitFileType = wrapper.cfbundle; includeInIndex = 0; path = ReinforcementTeacherTests.xctest; sourceTree = BUILT_PRODUCTS_DIR; };
		07FAFA2E19F97FBA00CE9170 /* Info.plist */ = {isa = PBXFileReference; lastKnownFileType = text.plist.xml; path = Info.plist; sourceTree = "<group>"; };
		07FAFA2F19F97FBA00CE9170 /* ReinforcementTeacherTests.swift */ = {isa = PBXFileReference; lastKnownFileType = sourcecode.swift; path = ReinforcementTeacherTests.swift; sourceTree = "<group>"; };
/* End PBXFileReference section */

/* Begin PBXFrameworksBuildPhase section */
		07FAFA0E19F97FBA00CE9170 /* Frameworks */ = {
			isa = PBXFrameworksBuildPhase;
			buildActionMask = 2147483647;
			files = (
			);
			runOnlyForDeploymentPostprocessing = 0;
		};
		07FAFA2619F97FBA00CE9170 /* Frameworks */ = {
			isa = PBXFrameworksBuildPhase;
			buildActionMask = 2147483647;
			files = (
			);
			runOnlyForDeploymentPostprocessing = 0;
		};
/* End PBXFrameworksBuildPhase section */

/* Begin PBXGroup section */
		07FAFA0819F97FBA00CE9170 = {
			isa = PBXGroup;
			children = (
				07FAFA1319F97FBA00CE9170 /* ReinforcementTeacher */,
				07FAFA2C19F97FBA00CE9170 /* ReinforcementTeacherTests */,
				07FAFA1219F97FBA00CE9170 /* Products */,
			);
			sourceTree = "<group>";
		};
		07FAFA1219F97FBA00CE9170 /* Products */ = {
			isa = PBXGroup;
			children = (
				07FAFA1119F97FBA00CE9170 /* ReinforcementTeacher.app */,
				07FAFA2919F97FBA00CE9170 /* ReinforcementTeacherTests.xctest */,
			);
			name = Products;
			sourceTree = "<group>";
		};
		07FAFA1319F97FBA00CE9170 /* ReinforcementTeacher */ = {
			isa = PBXGroup;
			children = (
				07FAFA1619F97FBA00CE9170 /* AppDelegate.swift */,
				07FAFA1B19F97FBA00CE9170 /* ViewController.swift */,
				07FAFA1D19F97FBA00CE9170 /* Main.storyboard */,
				07FAFA2019F97FBA00CE9170 /* Images.xcassets */,
				07FAFA2219F97FBA00CE9170 /* LaunchScreen.xib */,
				07FAFA1819F97FBA00CE9170 /* ReinforcementTeacher.xcdatamodeld */,
				07FAFA1419F97FBA00CE9170 /* Supporting Files */,
			);
			path = ReinforcementTeacher;
			sourceTree = "<group>";
		};
		07FAFA1419F97FBA00CE9170 /* Supporting Files */ = {
			isa = PBXGroup;
			children = (
				07FAFA1519F97FBA00CE9170 /* Info.plist */,
			);
			name = "Supporting Files";
			sourceTree = "<group>";
		};
		07FAFA2C19F97FBA00CE9170 /* ReinforcementTeacherTests */ = {
			isa = PBXGroup;
			children = (
				07FAFA2F19F97FBA00CE9170 /* ReinforcementTeacherTests.swift */,
				07FAFA2D19F97FBA00CE9170 /* Supporting Files */,
			);
			path = ReinforcementTeacherTests;
			sourceTree = "<group>";
		};
		07FAFA2D19F97FBA00CE9170 /* Supporting Files */ = {
			isa = PBXGroup;
			children = (
				07FAFA2E19F97FBA00CE9170 /* Info.plist */,
			);
			name = "Supporting Files";
			sourceTree = "<group>";
		};
/* End PBXGroup section */

/* Begin PBXNativeTarget section */
		07FAFA1019F97FBA00CE9170 /* ReinforcementTeacher */ = {
			isa = PBXNativeTarget;
			buildConfigurationList = 07FAFA3319F97FBA00CE9170 /* Build configuration list for PBXNativeTarget "ReinforcementTeacher" */;
			buildPhases = (
				07FAFA0D19F97FBA00CE9170 /* Sources */,
				07FAFA0E19F97FBA00CE9170 /* Frameworks */,
				07FAFA0F19F97FBA00CE9170 /* Resources */,
			);
			buildRules = (
			);
			dependencies = (
			);
			name = ReinforcementTeacher;
			productName = ReinforcementTeacher;
			productReference = 07FAFA1119F97FBA00CE9170 /* ReinforcementTeacher.app */;
			productType = "com.apple.product-type.application";
		};
		07FAFA2819F97FBA00CE9170 /* ReinforcementTeacherTests */ = {
			isa = PBXNativeTarget;
			buildConfigurationList = 07FAFA3619F97FBA00CE9170 /* Build configuration list for PBXNativeTarget "ReinforcementTeacherTests" */;
			buildPhases = (
				07FAFA2519F97FBA00CE9170 /* Sources */,
				07FAFA2619F97FBA00CE9170 /* Frameworks */,
				07FAFA2719F97FBA00CE9170 /* Resources */,
			);
			buildRules = (
			);
			dependencies = (
				07FAFA2B19F97FBA00CE9170 /* PBXTargetDependency */,
			);
			name = ReinforcementTeacherTests;
			productName = ReinforcementTeacherTests;
			productReference = 07FAFA2919F97FBA00CE9170 /* ReinforcementTeacherTests.xctest */;
			productType = "com.apple.product-type.bundle.unit-test";
		};
/* End PBXNativeTarget section */

/* Begin PBXProject section */
		07FAFA0919F97FBA00CE9170 /* Project object */ = {
			isa = PBXProject;
			attributes = {
				LastUpgradeCheck = 0610;
				ORGANIZATIONNAME = "Stef Janssen";
				TargetAttributes = {
					07FAFA1019F97FBA00CE9170 = {
						CreatedOnToolsVersion = 6.1;
					};
					07FAFA2819F97FBA00CE9170 = {
						CreatedOnToolsVersion = 6.1;
						TestTargetID = 07FAFA1019F97FBA00CE9170;
					};
				};
			};
			buildConfigurationList = 07FAFA0C19F97FBA00CE9170 /* Build configuration list for PBXProject "ReinforcementTeacher" */;
			compatibilityVersion = "Xcode 3.2";
			developmentRegion = English;
			hasScannedForEncodings = 0;
			knownRegions = (
				en,
				Base,
			);
			mainGroup = 07FAFA0819F97FBA00CE9170;
			productRefGroup = 07FAFA1219F97FBA00CE9170 /* Products */;
			projectDirPath = "";
			projectRoot = "";
			targets = (
				07FAFA1019F97FBA00CE9170 /* ReinforcementTeacher */,
				07FAFA2819F97FBA00CE9170 /* ReinforcementTeacherTests */,
			);
		};
/* End PBXProject section */

/* Begin PBXResourcesBuildPhase section */
		07FAFA0F19F97FBA00CE9170 /* Resources */ = {
			isa = PBXResourcesBuildPhase;
			buildActionMask = 2147483647;
			files = (
				07FAFA1F19F97FBA00CE9170 /* Main.storyboard in Resources */,
				07FAFA2419F97FBA00CE9170 /* LaunchScreen.xib in Resources */,
				07FAFA2119F97FBA00CE9170 /* Images.xcassets in Resources */,
			);
			runOnlyForDeploymentPostprocessing = 0;
		};
		07FAFA2719F97FBA00CE9170 /* Resources */ = {
			isa = PBXResourcesBuildPhase;
			buildActionMask = 2147483647;
			files = (
			);
			runOnlyForDeploymentPostprocessing = 0;
		};
/* End PBXResourcesBuildPhase section */

/* Begin PBXSourcesBuildPhase section */
		07FAFA0D19F97FBA00CE9170 /* Sources */ = {
			isa = PBXSourcesBuildPhase;
			buildActionMask = 2147483647;
			files = (
				07FAFA1C19F97FBA00CE9170 /* ViewController.swift in Sources */,
				07FAFA1A19F97FBA00CE9170 /* ReinforcementTeacher.xcdatamodeld in Sources */,
				07FAFA1719F97FBA00CE9170 /* AppDelegate.swift in Sources */,
			);
			runOnlyForDeploymentPostprocessing = 0;
		};
		07FAFA2519F97FBA00CE9170 /* Sources */ = {
			isa = PBXSourcesBuildPhase;
			buildActionMask = 2147483647;
			files = (
				07FAFA3019F97FBA00CE9170 /* ReinforcementTeacherTests.swift in Sources */,
			);
			runOnlyForDeploymentPostprocessing = 0;
		};
/* End PBXSourcesBuildPhase section */

/* Begin PBXTargetDependency section */
		07FAFA2B19F97FBA00CE9170 /* PBXTargetDependency */ = {
			isa = PBXTargetDependency;
			target = 07FAFA1019F97FBA00CE9170 /* ReinforcementTeacher */;
			targetProxy = 07FAFA2A19F97FBA00CE9170 /* PBXContainerItemProxy */;
		};
/* End PBXTargetDependency section */

/* Begin PBXVariantGroup section */
		07FAFA1D19F97FBA00CE9170 /* Main.storyboard */ = {
			isa = PBXVariantGroup;
			children = (
				07FAFA1E19F97FBA00CE9170 /* Base */,
			);
			name = Main.storyboard;
			sourceTree = "<group>";
		};
		07FAFA2219F97FBA00CE9170 /* LaunchScreen.xib */ = {
			isa = PBXVariantGroup;
			children = (
				07FAFA2319F97FBA00CE9170 /* Base */,
			);
			name = LaunchScreen.xib;
			sourceTree = "<group>";
		};
/* End PBXVariantGroup section */

/* Begin XCBuildConfiguration section */
		07FAFA3119F97FBA00CE9170 /* Debug */ = {
			isa = XCBuildConfiguration;
			buildSettings = {
				ALWAYS_SEARCH_USER_PATHS = NO;
				CLANG_CXX_LANGUAGE_STANDARD = "gnu++0x";
				CLANG_CXX_LIBRARY = "libc++";
				CLANG_ENABLE_MODULES = YES;
				CLANG_ENABLE_OBJC_ARC = YES;
				CLANG_WARN_BOOL_CONVERSION = YES;
				CLANG_WARN_CONSTANT_CONVERSION = YES;
				CLANG_WARN_DIRECT_OBJC_ISA_USAGE = YES_ERROR;
				CLANG_WARN_EMPTY_BODY = YES;
				CLANG_WARN_ENUM_CONVERSION = YES;
				CLANG_WARN_INT_CONVERSION = YES;
				CLANG_WARN_OBJC_ROOT_CLASS = YES_ERROR;
				CLANG_WARN_UNREACHABLE_CODE = YES;
				CLANG_WARN__DUPLICATE_METHOD_MATCH = YES;
				"CODE_SIGN_IDENTITY[sdk=iphoneos*]" = "iPhone Developer";
				COPY_PHASE_STRIP = NO;
				ENABLE_STRICT_OBJC_MSGSEND = YES;
				GCC_C_LANGUAGE_STANDARD = gnu99;
				GCC_DYNAMIC_NO_PIC = NO;
				GCC_OPTIMIZATION_LEVEL = 0;
				GCC_PREPROCESSOR_DEFINITIONS = (
					"DEBUG=1",
					"$(inherited)",
				);
				GCC_SYMBOLS_PRIVATE_EXTERN = NO;
				GCC_WARN_64_TO_32_BIT_CONVERSION = YES;
				GCC_WARN_ABOUT_RETURN_TYPE = YES_ERROR;
				GCC_WARN_UNDECLARED_SELECTOR = YES;
				GCC_WARN_UNINITIALIZED_AUTOS = YES_AGGRESSIVE;
				GCC_WARN_UNUSED_FUNCTION = YES;
				GCC_WARN_UNUSED_VARIABLE = YES;
				IPHONEOS_DEPLOYMENT_TARGET = 8.1;
				MTL_ENABLE_DEBUG_INFO = YES;
				ONLY_ACTIVE_ARCH = YES;
				SDKROOT = iphoneos;
				SWIFT_OPTIMIZATION_LEVEL = "-Onone";
				TARGETED_DEVICE_FAMILY = "1,2";
			};
			name = Debug;
		};
		07FAFA3219F97FBA00CE9170 /* Release */ = {
			isa = XCBuildConfiguration;
			buildSettings = {
				ALWAYS_SEARCH_USER_PATHS = NO;
				CLANG_CXX_LANGUAGE_STANDARD = "gnu++0x";
				CLANG_CXX_LIBRARY = "libc++";
				CLANG_ENABLE_MODULES = YES;
				CLANG_ENABLE_OBJC_ARC = YES;
				CLANG_WARN_BOOL_CONVERSION = YES;
				CLANG_WARN_CONSTANT_CONVERSION = YES;
				CLANG_WARN_DIRECT_OBJC_ISA_USAGE = YES_ERROR;
				CLANG_WARN_EMPTY_BODY = YES;
				CLANG_WARN_ENUM_CONVERSION = YES;
				CLANG_WARN_INT_CONVERSION = YES;
				CLANG_WARN_OBJC_ROOT_CLASS = YES_ERROR;
				CLANG_WARN_UNREACHABLE_CODE = YES;
				CLANG_WARN__DUPLICATE_METHOD_MATCH = YES;
				"CODE_SIGN_IDENTITY[sdk=iphoneos*]" = "iPhone Developer";
				COPY_PHASE_STRIP = YES;
				ENABLE_NS_ASSERTIONS = NO;
				ENABLE_STRICT_OBJC_MSGSEND = YES;
				GCC_C_LANGUAGE_STANDARD = gnu99;
				GCC_WARN_64_TO_32_BIT_CONVERSION = YES;
				GCC_WARN_ABOUT_RETURN_TYPE = YES_ERROR;
				GCC_WARN_UNDECLARED_SELECTOR = YES;
				GCC_WARN_UNINITIALIZED_AUTOS = YES_AGGRESSIVE;
				GCC_WARN_UNUSED_FUNCTION = YES;
				GCC_WARN_UNUSED_VARIABLE = YES;
				IPHONEOS_DEPLOYMENT_TARGET = 8.1;
				MTL_ENABLE_DEBUG_INFO = NO;
				SDKROOT = iphoneos;
				TARGETED_DEVICE_FAMILY = "1,2";
				VALIDATE_PRODUCT = YES;
			};
			name = Release;
		};
		07FAFA3419F97FBA00CE9170 /* Debug */ = {
			isa = XCBuildConfiguration;
			buildSettings = {
				ASSETCATALOG_COMPILER_APPICON_NAME = AppIcon;
				INFOPLIST_FILE = ReinforcementTeacher/Info.plist;
				LD_RUNPATH_SEARCH_PATHS = "$(inherited) @executable_path/Frameworks";
				PRODUCT_NAME = "$(TARGET_NAME)";
			};
			name = Debug;
		};
		07FAFA3519F97FBA00CE9170 /* Release */ = {
			isa = XCBuildConfiguration;
			buildSettings = {
				ASSETCATALOG_COMPILER_APPICON_NAME = AppIcon;
				INFOPLIST_FILE = ReinforcementTeacher/Info.plist;
				LD_RUNPATH_SEARCH_PATHS = "$(inherited) @executable_path/Frameworks";
				PRODUCT_NAME = "$(TARGET_NAME)";
			};
			name = Release;
		};
		07FAFA3719F97FBA00CE9170 /* Debug */ = {
			isa = XCBuildConfiguration;
			buildSettings = {
				BUNDLE_LOADER = "$(TEST_HOST)";
				FRAMEWORK_SEARCH_PATHS = (
					"$(SDKROOT)/Developer/Library/Frameworks",
					"$(inherited)",
				);
				GCC_PREPROCESSOR_DEFINITIONS = (
					"DEBUG=1",
					"$(inherited)",
				);
				INFOPLIST_FILE = ReinforcementTeacherTests/Info.plist;
				LD_RUNPATH_SEARCH_PATHS = "$(inherited) @executable_path/Frameworks @loader_path/Frameworks";
				PRODUCT_NAME = "$(TARGET_NAME)";
				TEST_HOST = "$(BUILT_PRODUCTS_DIR)/ReinforcementTeacher.app/ReinforcementTeacher";
			};
			name = Debug;
		};
		07FAFA3819F97FBA00CE9170 /* Release */ = {
			isa = XCBuildConfiguration;
			buildSettings = {
				BUNDLE_LOADER = "$(TEST_HOST)";
				FRAMEWORK_SEARCH_PATHS = (
					"$(SDKROOT)/Developer/Library/Frameworks",
					"$(inherited)",
				);
				INFOPLIST_FILE = ReinforcementTeacherTests/Info.plist;
				LD_RUNPATH_SEARCH_PATHS = "$(inherited) @executable_path/Frameworks @loader_path/Frameworks";
				PRODUCT_NAME = "$(TARGET_NAME)";
				TEST_HOST = "$(BUILT_PRODUCTS_DIR)/ReinforcementTeacher.app/ReinforcementTeacher";
			};
			name = Release;
		};
/* End XCBuildConfiguration section */

/* Begin XCConfigurationList section */
		07FAFA0C19F97FBA00CE9170 /* Build configuration list for PBXProject "ReinforcementTeacher" */ = {
			isa = XCConfigurationList;
			buildConfigurations = (
				07FAFA3119F97FBA00CE9170 /* Debug */,
				07FAFA3219F97FBA00CE9170 /* Release */,
			);
			defaultConfigurationIsVisible = 0;
			defaultConfigurationName = Release;
		};
		07FAFA3319F97FBA00CE9170 /* Build configuration list for PBXNativeTarget "ReinforcementTeacher" */ = {
			isa = XCConfigurationList;
			buildConfigurations = (
				07FAFA3419F97FBA00CE9170 /* Debug */,
				07FAFA3519F97FBA00CE9170 /* Release */,
			);
			defaultConfigurationIsVisible = 0;
		};
		07FAFA3619F97FBA00CE9170 /* Build configuration list for PBXNativeTarget "ReinforcementTeacherTests" */ = {
			isa = XCConfigurationList;
			buildConfigurations = (
				07FAFA3719F97FBA00CE9170 /* Debug */,
				07FAFA3819F97FBA00CE9170 /* Release */,
			);
			defaultConfigurationIsVisible = 0;
		};
/* End XCConfigurationList section */

/* Begin XCVersionGroup section */
		07FAFA1819F97FBA00CE9170 /* ReinforcementTeacher.xcdatamodeld */ = {
			isa = XCVersionGroup;
			children = (
				07FAFA1919F97FBA00CE9170 /* ReinforcementTeacher.xcdatamodel */,
			);
			currentVersion = 07FAFA1919F97FBA00CE9170 /* ReinforcementTeacher.xcdatamodel */;
			path = ReinforcementTeacher.xcdatamodeld;
			sourceTree = "<group>";
			versionGroupType = wrapper.xcdatamodel;
		};
/* End XCVersionGroup section */
	};
	rootObject = 07FAFA0919F97FBA00CE9170 /* Project object */;
}
